
Microsoft Visual Studio Solution File, Format Version 12.00
# Visual Studio Version 17
VisualStudioVersion = 17.5.002.0
MinimumVisualStudioVersion = 10.0.40219.1
Project("{9A19103F-16F7-4668-BE54-9A1E7A4F7556}") = "aldanah1", "aldanah1.csproj", "{6AD399C1-BC47-48A0-B411-A612FE360240}"
EndProject
Global
	GlobalSection(SolutionConfigurationPlatforms) = preSolution
		Debug|Any CPU = Debug|Any CPU
		Release|Any CPU = Release|Any CPU
	EndGlobalSection
	GlobalSection(ProjectConfigurationPlatforms) = postSolution
		{6AD399C1-BC47-48A0-B411-A612FE360240}.Debug|Any CPU.ActiveCfg = Debug|Any CPU
		{6AD399C1-BC47-48A0-B411-A612FE360240}.Debug|Any CPU.Build.0 = Debug|Any CPU
		{6AD399C1-BC47-48A0-B411-A612FE360240}.Release|Any CPU.ActiveCfg = Release|Any CPU
		{6AD399C1-BC47-48A0-B411-A612FE360240}.Release|Any CPU.Build.0 = Release|Any CPU
	EndGlobalSection
	GlobalSection(SolutionProperties) = preSolution
		HideSolutionNode = FALSE
	EndGlobalSection
	GlobalSection(ExtensibilityGlobals) = postSolution
		SolutionGuid = {AAC6FA3F-191F-43A7-AC39-771EBF06CD81}
	EndGlobalSection
EndGlobal
